// !$*UTF8*$!
{
	archiveVersion = 1;
	classes = {
	};
	objectVersion = 46;
	objects = {

/* Begin PBXBuildFile section */
		09CD36CB776DC7B8DB4BB57D /* libPods-PacketProcessing.a in Frameworks */ = {isa = PBXBuildFile; fileRef = 1C31E51B1D60A865AD490EAE /* libPods-PacketProcessing.a */; };
		DD13A4081F01034E0095C976 /* Message.m in Sources */ = {isa = PBXBuildFile; fileRef = DD13A4071F01034E0095C976 /* Message.m */; };
		DD26E2CC1EC7DB9D00428426 /* TCPPacketFactory.m in Sources */ = {isa = PBXBuildFile; fileRef = DD26E2CB1EC7DB9D00428426 /* TCPPacketFactory.m */; };
		DD26E2D01EC8784000428426 /* IPPacketFactory.m in Sources */ = {isa = PBXBuildFile; fileRef = DD26E2CF1EC8784000428426 /* IPPacketFactory.m */; };
		DD26E2D31ECA07F700428426 /* PacketUtil.m in Sources */ = {isa = PBXBuildFile; fileRef = DD26E2D21ECA07F700428426 /* PacketUtil.m */; };
		DD26E2D61ECBF5FD00428426 /* Packet.m in Sources */ = {isa = PBXBuildFile; fileRef = DD26E2D51ECBF5FD00428426 /* Packet.m */; };
		DD26E31B1ECCABB700428426 /* UDPPacketFactory.m in Sources */ = {isa = PBXBuildFile; fileRef = DD26E31A1ECCABB700428426 /* UDPPacketFactory.m */; };
		DD26E31F1ECE7E8A00428426 /* UDPSession.m in Sources */ = {isa = PBXBuildFile; fileRef = DD26E31E1ECE7E8A00428426 /* UDPSession.m */; };
		DD26E3221ECE81A300428426 /* SessionManager.m in Sources */ = {isa = PBXBuildFile; fileRef = DD26E3211ECE81A300428426 /* SessionManager.m */; };
		DD26E3251ECFFF0000428426 /* TCPSession.m in Sources */ = {isa = PBXBuildFile; fileRef = DD26E3241ECFFF0000428426 /* TCPSession.m */; };
		DD26E32D1ED0706200428426 /* UDPSendTest.m in Sources */ = {isa = PBXBuildFile; fileRef = DD26E32C1ED0706200428426 /* UDPSendTest.m */; };
		DD26E32F1ED0728300428426 /* libCocoaAsyncSocket.a in Frameworks */ = {isa = PBXBuildFile; fileRef = DD26E32E1ED0728300428426 /* libCocoaAsyncSocket.a */; };
		DD35AE2C1EB0739F0078FCEF /* IPv4Header.m in Sources */ = {isa = PBXBuildFile; fileRef = DD35AE2B1EB0739F0078FCEF /* IPv4Header.m */; };
		DD35AE2F1EB09F740078FCEF /* UDPHeader.m in Sources */ = {isa = PBXBuildFile; fileRef = DD35AE2E1EB09F740078FCEF /* UDPHeader.m */; };
		DD35AE311EB0E8F00078FCEF /* libCocoaAsyncSocket.a in Frameworks */ = {isa = PBXBuildFile; fileRef = DD35AE301EB0E8F00078FCEF /* libCocoaAsyncSocket.a */; };
		DD4798FF1EAF256A005DE266 /* main.m in Sources */ = {isa = PBXBuildFile; fileRef = DD4798FE1EAF256A005DE266 /* main.m */; };
		DD4799021EAF256A005DE266 /* AppDelegate.m in Sources */ = {isa = PBXBuildFile; fileRef = DD4799011EAF256A005DE266 /* AppDelegate.m */; };
		DD4799051EAF256A005DE266 /* ViewController.m in Sources */ = {isa = PBXBuildFile; fileRef = DD4799041EAF256A005DE266 /* ViewController.m */; };
		DD4799081EAF256A005DE266 /* Main.storyboard in Resources */ = {isa = PBXBuildFile; fileRef = DD4799061EAF256A005DE266 /* Main.storyboard */; };
		DD47990A1EAF256B005DE266 /* Assets.xcassets in Resources */ = {isa = PBXBuildFile; fileRef = DD4799091EAF256B005DE266 /* Assets.xcassets */; };
		DD47990D1EAF256B005DE266 /* LaunchScreen.storyboard in Resources */ = {isa = PBXBuildFile; fileRef = DD47990B1EAF256B005DE266 /* LaunchScreen.storyboard */; };
		DD4799181EAF256B005DE266 /* PacketProcessingTests.m in Sources */ = {isa = PBXBuildFile; fileRef = DD4799171EAF256B005DE266 /* PacketProcessingTests.m */; };
		DD4799231EAF256B005DE266 /* PacketProcessingUITests.m in Sources */ = {isa = PBXBuildFile; fileRef = DD4799221EAF256B005DE266 /* PacketProcessingUITests.m */; };
		DD4799311EAF2AD6005DE266 /* AddViewController.m in Sources */ = {isa = PBXBuildFile; fileRef = DD4799301EAF2AD6005DE266 /* AddViewController.m */; };
		DD47993D1EAF34E3005DE266 /* PacketTunnelProvider.m in Sources */ = {isa = PBXBuildFile; fileRef = DD47993C1EAF34E3005DE266 /* PacketTunnelProvider.m */; };
		DD4799411EAF34E3005DE266 /* PacketTunnel.appex in Embed App Extensions */ = {isa = PBXBuildFile; fileRef = DD4799371EAF34E3005DE266 /* PacketTunnel.appex */; settings = {ATTRIBUTES = (RemoveHeadersOnCopy, ); }; };
		DD52899F1EC2B57C0073A176 /* TCPHeader.m in Sources */ = {isa = PBXBuildFile; fileRef = DD52899E1EC2B57C0073A176 /* TCPHeader.m */; };
		DD5289A11EC30C7C0073A176 /* Session.m in Sources */ = {isa = PBXBuildFile; fileRef = DD5289A01EC30C7C0073A176 /* Session.m */; };
		DD7C707B1EAF38F9009AC7B1 /* TunnelInterface.m in Sources */ = {isa = PBXBuildFile; fileRef = DD7C707A1EAF38F9009AC7B1 /* TunnelInterface.m */; };
		DD7C707E1EAF3AA0009AC7B1 /* NetworkExtension.framework in Frameworks */ = {isa = PBXBuildFile; fileRef = DD7C707D1EAF3AA0009AC7B1 /* NetworkExtension.framework */; };
		DD7C70801EAF3AB9009AC7B1 /* NetworkExtension.framework in Frameworks */ = {isa = PBXBuildFile; fileRef = DD7C707D1EAF3AA0009AC7B1 /* NetworkExtension.framework */; };
		DD7C70831EAF86CC009AC7B1 /* libMMWormhole.a in Frameworks */ = {isa = PBXBuildFile; fileRef = DD7C70821EAF86CC009AC7B1 /* libMMWormhole.a */; };
		DD7C70851EAF88BE009AC7B1 /* libMMWormhole.a in Frameworks */ = {isa = PBXBuildFile; fileRef = DD7C70841EAF88BE009AC7B1 /* libMMWormhole.a */; };
		DD89C4271EFCF4C30003D555 /* InitialViewController.m in Sources */ = {isa = PBXBuildFile; fileRef = DD89C4261EFCF4C30003D555 /* InitialViewController.m */; };
		DD89C42A1EFD13D70003D555 /* GSKeyChainManager.m in Sources */ = {isa = PBXBuildFile; fileRef = DD89C4291EFD13D70003D555 /* GSKeyChainManager.m */; };
		DD89C42D1EFD29460003D555 /* GSKeyChain.m in Sources */ = {isa = PBXBuildFile; fileRef = DD89C42C1EFD29450003D555 /* GSKeyChain.m */; };
		DDAAB43F1F08BB90006FDD22 /* Message.m in Sources */ = {isa = PBXBuildFile; fileRef = DD13A4071F01034E0095C976 /* Message.m */; };
/* End PBXBuildFile section */

/* Begin PBXContainerItemProxy section */
		DD4799141EAF256B005DE266 /* PBXContainerItemProxy */ = {
			isa = PBXContainerItemProxy;
			containerPortal = DD4798F21EAF256A005DE266 /* Project object */;
			proxyType = 1;
			remoteGlobalIDString = DD4798F91EAF256A005DE266;
			remoteInfo = PacketProcessing;
		};
		DD47991F1EAF256B005DE266 /* PBXContainerItemProxy */ = {
			isa = PBXContainerItemProxy;
			containerPortal = DD4798F21EAF256A005DE266 /* Project object */;
			proxyType = 1;
			remoteGlobalIDString = DD4798F91EAF256A005DE266;
			remoteInfo = PacketProcessing;
		};
		DD47993F1EAF34E3005DE266 /* PBXContainerItemProxy */ = {
			isa = PBXContainerItemProxy;
			containerPortal = DD4798F21EAF256A005DE266 /* Project object */;
			proxyType = 1;
			remoteGlobalIDString = DD4799361EAF34E3005DE266;
			remoteInfo = PacketTunnel;
		};
/* End PBXContainerItemProxy section */

/* Begin PBXCopyFilesBuildPhase section */
		DD4799451EAF34E3005DE266 /* Embed App Extensions */ = {
			isa = PBXCopyFilesBuildPhase;
			buildActionMask = 2147483647;
			dstPath = "";
			dstSubfolderSpec = 13;
			files = (
				DD4799411EAF34E3005DE266 /* PacketTunnel.appex in Embed App Extensions */,
			);
			name = "Embed App Extensions";
			runOnlyForDeploymentPostprocessing = 0;
		};
/* End PBXCopyFilesBuildPhase section */

/* Begin PBXFileReference section */
		0F5BD7753983FB9FE67C2669 /* Pods-PacketProcessing.release.xcconfig */ = {isa = PBXFileReference; includeInIndex = 1; lastKnownFileType = text.xcconfig; name = "Pods-PacketProcessing.release.xcconfig"; path = "Pods/Target Support Files/Pods-PacketProcessing/Pods-PacketProcessing.release.xcconfig"; sourceTree = "<group>"; };
		1C31E51B1D60A865AD490EAE /* libPods-PacketProcessing.a */ = {isa = PBXFileReference; explicitFileType = archive.ar; includeInIndex = 0; path = "libPods-PacketProcessing.a"; sourceTree = BUILT_PRODUCTS_DIR; };
		C542512B3F5ECA236AC34F11 /* Pods-PacketProcessing.debug.xcconfig */ = {isa = PBXFileReference; includeInIndex = 1; lastKnownFileType = text.xcconfig; name = "Pods-PacketProcessing.debug.xcconfig"; path = "Pods/Target Support Files/Pods-PacketProcessing/Pods-PacketProcessing.debug.xcconfig"; sourceTree = "<group>"; };
		DD13A4061F0103150095C976 /* Message.h */ = {isa = PBXFileReference; lastKnownFileType = sourcecode.c.h; path = Message.h; sourceTree = "<group>"; };
		DD13A4071F01034E0095C976 /* Message.m */ = {isa = PBXFileReference; fileEncoding = 4; lastKnownFileType = sourcecode.c.objc; path = Message.m; sourceTree = "<group>"; };
		DD26E2CB1EC7DB9D00428426 /* TCPPacketFactory.m */ = {isa = PBXFileReference; fileEncoding = 4; lastKnownFileType = sourcecode.c.objc; name = TCPPacketFactory.m; path = PacketTunnel/TCPPacketFactory.m; sourceTree = "<group>"; };
		DD26E2CD1EC7DBAC00428426 /* TCPPacketFactory.h */ = {isa = PBXFileReference; lastKnownFileType = sourcecode.c.h; name = TCPPacketFactory.h; path = PacketTunnel/TCPPacketFactory.h; sourceTree = "<group>"; };
		DD26E2CE1EC8782E00428426 /* IPPacketFactory.h */ = {isa = PBXFileReference; lastKnownFileType = sourcecode.c.h; name = IPPacketFactory.h; path = PacketTunnel/IPPacketFactory.h; sourceTree = "<group>"; };
		DD26E2CF1EC8784000428426 /* IPPacketFactory.m */ = {isa = PBXFileReference; fileEncoding = 4; lastKnownFileType = sourcecode.c.objc; name = IPPacketFactory.m; path = PacketTunnel/IPPacketFactory.m; sourceTree = "<group>"; };
		DD26E2D11ECA07D300428426 /* PacketUtil.h */ = {isa = PBXFileReference; lastKnownFileType = sourcecode.c.h; name = PacketUtil.h; path = PacketTunnel/PacketUtil.h; sourceTree = "<group>"; };
		DD26E2D21ECA07F700428426 /* PacketUtil.m */ = {isa = PBXFileReference; fileEncoding = 4; lastKnownFileType = sourcecode.c.objc; name = PacketUtil.m; path = PacketTunnel/PacketUtil.m; sourceTree = "<group>"; };
		DD26E2D41ECBF41300428426 /* Packet.h */ = {isa = PBXFileReference; lastKnownFileType = sourcecode.c.h; name = Packet.h; path = PacketTunnel/Packet.h; sourceTree = "<group>"; };
		DD26E2D51ECBF5FD00428426 /* Packet.m */ = {isa = PBXFileReference; fileEncoding = 4; lastKnownFileType = sourcecode.c.objc; name = Packet.m; path = PacketTunnel/Packet.m; sourceTree = "<group>"; };
		DD26E3191ECCAB8600428426 /* UDPPacketFactory.h */ = {isa = PBXFileReference; lastKnownFileType = sourcecode.c.h; name = UDPPacketFactory.h; path = PacketTunnel/UDPPacketFactory.h; sourceTree = "<group>"; };
		DD26E31A1ECCABB700428426 /* UDPPacketFactory.m */ = {isa = PBXFileReference; fileEncoding = 4; lastKnownFileType = sourcecode.c.objc; name = UDPPacketFactory.m; path = PacketTunnel/UDPPacketFactory.m; sourceTree = "<group>"; };
		DD26E31C1ECDEA5E00428426 /* Session.h */ = {isa = PBXFileReference; lastKnownFileType = sourcecode.c.h; name = Session.h; path = PacketTunnel/Session.h; sourceTree = "<group>"; };
		DD26E31D1ECE7E7A00428426 /* UDPSession.h */ = {isa = PBXFileReference; lastKnownFileType = sourcecode.c.h; name = UDPSession.h; path = PacketTunnel/UDPSession.h; sourceTree = "<group>"; };
		DD26E31E1ECE7E8A00428426 /* UDPSession.m */ = {isa = PBXFileReference; fileEncoding = 4; lastKnownFileType = sourcecode.c.objc; name = UDPSession.m; path = PacketTunnel/UDPSession.m; sourceTree = "<group>"; };
		DD26E3201ECE819900428426 /* SessionManager.h */ = {isa = PBXFileReference; lastKnownFileType = sourcecode.c.h; name = SessionManager.h; path = PacketTunnel/SessionManager.h; sourceTree = "<group>"; };
		DD26E3211ECE81A300428426 /* SessionManager.m */ = {isa = PBXFileReference; fileEncoding = 4; lastKnownFileType = sourcecode.c.objc; name = SessionManager.m; path = PacketTunnel/SessionManager.m; sourceTree = "<group>"; };
		DD26E3231ECFFEF100428426 /* TCPSession.h */ = {isa = PBXFileReference; lastKnownFileType = sourcecode.c.h; name = TCPSession.h; path = PacketTunnel/TCPSession.h; sourceTree = "<group>"; };
		DD26E3241ECFFF0000428426 /* TCPSession.m */ = {isa = PBXFileReference; fileEncoding = 4; lastKnownFileType = sourcecode.c.objc; name = TCPSession.m; path = PacketTunnel/TCPSession.m; sourceTree = "<group>"; };
		DD26E32B1ED0704900428426 /* UDPSendTest.h */ = {isa = PBXFileReference; lastKnownFileType = sourcecode.c.h; path = UDPSendTest.h; sourceTree = "<group>"; };
		DD26E32C1ED0706200428426 /* UDPSendTest.m */ = {isa = PBXFileReference; fileEncoding = 4; lastKnownFileType = sourcecode.c.objc; path = UDPSendTest.m; sourceTree = "<group>"; };
		DD26E32E1ED0728300428426 /* libCocoaAsyncSocket.a */ = {isa = PBXFileReference; lastKnownFileType = archive.ar; name = libCocoaAsyncSocket.a; path = "Pods/../build/Release-iphoneos/CocoaAsyncSocket/libCocoaAsyncSocket.a"; sourceTree = "<group>"; };
		DD35AC371EB064990078FCEF /* IPv4Header.h */ = {isa = PBXFileReference; lastKnownFileType = sourcecode.c.h; name = IPv4Header.h; path = PacketTunnel/IPv4Header.h; sourceTree = "<group>"; };
		DD35AE2B1EB0739F0078FCEF /* IPv4Header.m */ = {isa = PBXFileReference; fileEncoding = 4; lastKnownFileType = sourcecode.c.objc; name = IPv4Header.m; path = PacketTunnel/IPv4Header.m; sourceTree = "<group>"; };
		DD35AE2D1EB09C5A0078FCEF /* UDPHeader.h */ = {isa = PBXFileReference; lastKnownFileType = sourcecode.c.h; name = UDPHeader.h; path = PacketTunnel/UDPHeader.h; sourceTree = "<group>"; };
		DD35AE2E1EB09F740078FCEF /* UDPHeader.m */ = {isa = PBXFileReference; fileEncoding = 4; lastKnownFileType = sourcecode.c.objc; name = UDPHeader.m; path = PacketTunnel/UDPHeader.m; sourceTree = "<group>"; };
		DD35AE301EB0E8F00078FCEF /* libCocoaAsyncSocket.a */ = {isa = PBXFileReference; lastKnownFileType = archive.ar; name = libCocoaAsyncSocket.a; path = "../../Library/Developer/Xcode/DerivedData/PacketProcessing-akexfjlbqamkvrbrklixejkunrlr/Build/Products/Debug-iphoneos/CocoaAsyncSocket/libCocoaAsyncSocket.a"; sourceTree = "<group>"; };
		DD37A9211EEE3F5D0004FF80 /* PacketTunnel copy-Info.plist */ = {isa = PBXFileReference; lastKnownFileType = text.plist.xml; name = "PacketTunnel copy-Info.plist"; path = "/Users/hwg/Desktop/PacketProcessing/PacketTunnel copy-Info.plist"; sourceTree = "<absolute>"; };
		DD4798FA1EAF256A005DE266 /* PacketProcessing.app */ = {isa = PBXFileReference; explicitFileType = wrapper.application; includeInIndex = 0; path = PacketProcessing.app; sourceTree = BUILT_PRODUCTS_DIR; };
		DD4798FE1EAF256A005DE266 /* main.m */ = {isa = PBXFileReference; lastKnownFileType = sourcecode.c.objc; path = main.m; sourceTree = "<group>"; };
		DD4799001EAF256A005DE266 /* AppDelegate.h */ = {isa = PBXFileReference; lastKnownFileType = sourcecode.c.h; path = AppDelegate.h; sourceTree = "<group>"; };
		DD4799011EAF256A005DE266 /* AppDelegate.m */ = {isa = PBXFileReference; lastKnownFileType = sourcecode.c.objc; path = AppDelegate.m; sourceTree = "<group>"; };
		DD4799031EAF256A005DE266 /* ViewController.h */ = {isa = PBXFileReference; lastKnownFileType = sourcecode.c.h; path = ViewController.h; sourceTree = "<group>"; };
		DD4799041EAF256A005DE266 /* ViewController.m */ = {isa = PBXFileReference; lastKnownFileType = sourcecode.c.objc; path = ViewController.m; sourceTree = "<group>"; };
		DD4799071EAF256A005DE266 /* Base */ = {isa = PBXFileReference; lastKnownFileType = file.storyboard; name = Base; path = Base.lproj/Main.storyboard; sourceTree = "<group>"; };
		DD4799091EAF256B005DE266 /* Assets.xcassets */ = {isa = PBXFileReference; lastKnownFileType = folder.assetcatalog; path = Assets.xcassets; sourceTree = "<group>"; };
		DD47990C1EAF256B005DE266 /* Base */ = {isa = PBXFileReference; lastKnownFileType = file.storyboard; name = Base; path = Base.lproj/LaunchScreen.storyboard; sourceTree = "<group>"; };
		DD47990E1EAF256B005DE266 /* Info.plist */ = {isa = PBXFileReference; lastKnownFileType = text.plist.xml; path = Info.plist; sourceTree = "<group>"; };
		DD4799131EAF256B005DE266 /* PacketProcessingTests.xctest */ = {isa = PBXFileReference; explicitFileType = wrapper.cfbundle; includeInIndex = 0; path = PacketProcessingTests.xctest; sourceTree = BUILT_PRODUCTS_DIR; };
		DD4799171EAF256B005DE266 /* PacketProcessingTests.m */ = {isa = PBXFileReference; lastKnownFileType = sourcecode.c.objc; path = PacketProcessingTests.m; sourceTree = "<group>"; };
		DD4799191EAF256B005DE266 /* Info.plist */ = {isa = PBXFileReference; lastKnownFileType = text.plist.xml; path = Info.plist; sourceTree = "<group>"; };
		DD47991E1EAF256B005DE266 /* PacketProcessingUITests.xctest */ = {isa = PBXFileReference; explicitFileType = wrapper.cfbundle; includeInIndex = 0; path = PacketProcessingUITests.xctest; sourceTree = BUILT_PRODUCTS_DIR; };
		DD4799221EAF256B005DE266 /* PacketProcessingUITests.m */ = {isa = PBXFileReference; lastKnownFileType = sourcecode.c.objc; path = PacketProcessingUITests.m; sourceTree = "<group>"; };
		DD4799241EAF256B005DE266 /* Info.plist */ = {isa = PBXFileReference; lastKnownFileType = text.plist.xml; path = Info.plist; sourceTree = "<group>"; };
		DD4799301EAF2AD6005DE266 /* AddViewController.m */ = {isa = PBXFileReference; fileEncoding = 4; lastKnownFileType = sourcecode.c.objc; path = AddViewController.m; sourceTree = "<group>"; };
		DD4799321EAF2B2A005DE266 /* AddViewController.h */ = {isa = PBXFileReference; lastKnownFileType = sourcecode.c.h; name = AddViewController.h; path = ../AddViewController.h; sourceTree = "<group>"; };
		DD4799371EAF34E3005DE266 /* PacketTunnel.appex */ = {isa = PBXFileReference; explicitFileType = "wrapper.app-extension"; includeInIndex = 0; path = PacketTunnel.appex; sourceTree = BUILT_PRODUCTS_DIR; };
		DD47993A1EAF34E3005DE266 /* PacketTunnel.entitlements */ = {isa = PBXFileReference; lastKnownFileType = text.plist.entitlements; path = PacketTunnel.entitlements; sourceTree = "<group>"; };
		DD47993B1EAF34E3005DE266 /* PacketTunnelProvider.h */ = {isa = PBXFileReference; lastKnownFileType = sourcecode.c.h; path = PacketTunnelProvider.h; sourceTree = "<group>"; };
		DD47993C1EAF34E3005DE266 /* PacketTunnelProvider.m */ = {isa = PBXFileReference; lastKnownFileType = sourcecode.c.objc; path = PacketTunnelProvider.m; sourceTree = "<group>"; };
		DD47993E1EAF34E3005DE266 /* Info.plist */ = {isa = PBXFileReference; lastKnownFileType = text.plist.xml; path = Info.plist; sourceTree = "<group>"; };
		DD52899D1EC2B2D30073A176 /* TCPHeader.h */ = {isa = PBXFileReference; lastKnownFileType = sourcecode.c.h; name = TCPHeader.h; path = PacketTunnel/TCPHeader.h; sourceTree = "<group>"; };
		DD52899E1EC2B57C0073A176 /* TCPHeader.m */ = {isa = PBXFileReference; fileEncoding = 4; lastKnownFileType = sourcecode.c.objc; name = TCPHeader.m; path = PacketTunnel/TCPHeader.m; sourceTree = "<group>"; };
		DD5289A01EC30C7C0073A176 /* Session.m */ = {isa = PBXFileReference; fileEncoding = 4; lastKnownFileType = sourcecode.c.objc; name = Session.m; path = PacketTunnel/Session.m; sourceTree = "<group>"; };
		DD7C707A1EAF38F9009AC7B1 /* TunnelInterface.m */ = {isa = PBXFileReference; fileEncoding = 4; lastKnownFileType = sourcecode.c.objc; path = TunnelInterface.m; sourceTree = "<group>"; };
		DD7C707C1EAF3925009AC7B1 /* TunnelInterface.h */ = {isa = PBXFileReference; lastKnownFileType = sourcecode.c.h; path = TunnelInterface.h; sourceTree = "<group>"; };
		DD7C707D1EAF3AA0009AC7B1 /* NetworkExtension.framework */ = {isa = PBXFileReference; lastKnownFileType = wrapper.framework; name = NetworkExtension.framework; path = System/Library/Frameworks/NetworkExtension.framework; sourceTree = SDKROOT; };
		DD7C707F1EAF3AA0009AC7B1 /* PacketProcessing.entitlements */ = {isa = PBXFileReference; lastKnownFileType = text.plist.entitlements; path = PacketProcessing.entitlements; sourceTree = "<group>"; };
		DD7C70821EAF86CC009AC7B1 /* libMMWormhole.a */ = {isa = PBXFileReference; lastKnownFileType = archive.ar; name = libMMWormhole.a; path = "Pods/../build/Release-iphoneos/MMWormhole/libMMWormhole.a"; sourceTree = "<group>"; };
		DD7C70841EAF88BE009AC7B1 /* libMMWormhole.a */ = {isa = PBXFileReference; lastKnownFileType = archive.ar; name = libMMWormhole.a; path = "../../Library/Developer/Xcode/DerivedData/PacketProcessing-akexfjlbqamkvrbrklixejkunrlr/Build/Products/Debug-iphoneos/MMWormhole/libMMWormhole.a"; sourceTree = "<group>"; };
		DD89C4251EFCBE350003D555 /* InitialViewController.h */ = {isa = PBXFileReference; lastKnownFileType = sourcecode.c.h; path = InitialViewController.h; sourceTree = "<group>"; };
		DD89C4261EFCF4C30003D555 /* InitialViewController.m */ = {isa = PBXFileReference; fileEncoding = 4; lastKnownFileType = sourcecode.c.objc; path = InitialViewController.m; sourceTree = "<group>"; };
		DD89C4281EFD11130003D555 /* GSKeyChainManager.h */ = {isa = PBXFileReference; lastKnownFileType = sourcecode.c.h; path = GSKeyChainManager.h; sourceTree = "<group>"; };
		DD89C4291EFD13D70003D555 /* GSKeyChainManager.m */ = {isa = PBXFileReference; fileEncoding = 4; lastKnownFileType = sourcecode.c.objc; path = GSKeyChainManager.m; sourceTree = "<group>"; };
		DD89C42B1EFD28F30003D555 /* GSKeyChain.h */ = {isa = PBXFileReference; lastKnownFileType = sourcecode.c.h; path = GSKeyChain.h; sourceTree = "<group>"; };
		DD89C42C1EFD29450003D555 /* GSKeyChain.m */ = {isa = PBXFileReference; fileEncoding = 4; lastKnownFileType = sourcecode.c.objc; path = GSKeyChain.m; sourceTree = "<group>"; };
/* End PBXFileReference section */

/* Begin PBXFrameworksBuildPhase section */
		DD4798F71EAF256A005DE266 /* Frameworks */ = {
			isa = PBXFrameworksBuildPhase;
			buildActionMask = 2147483647;
			files = (
				DD7C70831EAF86CC009AC7B1 /* libMMWormhole.a in Frameworks */,
				DD26E32F1ED0728300428426 /* libCocoaAsyncSocket.a in Frameworks */,
				09CD36CB776DC7B8DB4BB57D /* libPods-PacketProcessing.a in Frameworks */,
				DD7C707E1EAF3AA0009AC7B1 /* NetworkExtension.framework in Frameworks */,
			);
			runOnlyForDeploymentPostprocessing = 0;
		};
		DD4799101EAF256B005DE266 /* Frameworks */ = {
			isa = PBXFrameworksBuildPhase;
			buildActionMask = 2147483647;
			files = (
			);
			runOnlyForDeploymentPostprocessing = 0;
		};
		DD47991B1EAF256B005DE266 /* Frameworks */ = {
			isa = PBXFrameworksBuildPhase;
			buildActionMask = 2147483647;
			files = (
			);
			runOnlyForDeploymentPostprocessing = 0;
		};
		DD4799341EAF34E3005DE266 /* Frameworks */ = {
			isa = PBXFrameworksBuildPhase;
			buildActionMask = 2147483647;
			files = (
				DD7C70801EAF3AB9009AC7B1 /* NetworkExtension.framework in Frameworks */,
				DD7C70851EAF88BE009AC7B1 /* libMMWormhole.a in Frameworks */,
				DD35AE311EB0E8F00078FCEF /* libCocoaAsyncSocket.a in Frameworks */,
			);
			runOnlyForDeploymentPostprocessing = 0;
		};
/* End PBXFrameworksBuildPhase section */

/* Begin PBXGroup section */
		69C213698ECF3A6F553C6EB3 /* Pods */ = {
			isa = PBXGroup;
			children = (
				C542512B3F5ECA236AC34F11 /* Pods-PacketProcessing.debug.xcconfig */,
				0F5BD7753983FB9FE67C2669 /* Pods-PacketProcessing.release.xcconfig */,
			);
			name = Pods;
			sourceTree = "<group>";
		};
		8B31184B2AC9A9F2974CE0FF /* Frameworks */ = {
			isa = PBXGroup;
			children = (
				DD26E32E1ED0728300428426 /* libCocoaAsyncSocket.a */,
				DD35AE301EB0E8F00078FCEF /* libCocoaAsyncSocket.a */,
				DD7C70841EAF88BE009AC7B1 /* libMMWormhole.a */,
				DD7C70821EAF86CC009AC7B1 /* libMMWormhole.a */,
				DD7C707D1EAF3AA0009AC7B1 /* NetworkExtension.framework */,
				1C31E51B1D60A865AD490EAE /* libPods-PacketProcessing.a */,
			);
			name = Frameworks;
			sourceTree = "<group>";
		};
		DD4798F11EAF256A005DE266 = {
			isa = PBXGroup;
			children = (
				DD4798FC1EAF256A005DE266 /* PacketProcessing */,
				DD4799161EAF256B005DE266 /* PacketProcessingTests */,
				DD4799211EAF256B005DE266 /* PacketProcessingUITests */,
				DD4799381EAF34E3005DE266 /* PacketTunnel */,
				DD4798FB1EAF256A005DE266 /* Products */,
				DDDF60391EF22380001E15A0 /* Util */,
				69C213698ECF3A6F553C6EB3 /* Pods */,
				8B31184B2AC9A9F2974CE0FF /* Frameworks */,
				DD37A9211EEE3F5D0004FF80 /* PacketTunnel copy-Info.plist */,
			);
			sourceTree = "<group>";
		};
		DD4798FB1EAF256A005DE266 /* Products */ = {
			isa = PBXGroup;
			children = (
				DD4798FA1EAF256A005DE266 /* PacketProcessing.app */,
				DD4799131EAF256B005DE266 /* PacketProcessingTests.xctest */,
				DD47991E1EAF256B005DE266 /* PacketProcessingUITests.xctest */,
				DD4799371EAF34E3005DE266 /* PacketTunnel.appex */,
			);
			name = Products;
			sourceTree = "<group>";
		};
		DD4798FC1EAF256A005DE266 /* PacketProcessing */ = {
			isa = PBXGroup;
			children = (
				DD7C707F1EAF3AA0009AC7B1 /* PacketProcessing.entitlements */,
				DD4799321EAF2B2A005DE266 /* AddViewController.h */,
				DD4799301EAF2AD6005DE266 /* AddViewController.m */,
				DD89C4251EFCBE350003D555 /* InitialViewController.h */,
				DD89C4261EFCF4C30003D555 /* InitialViewController.m */,
				DD4799001EAF256A005DE266 /* AppDelegate.h */,
				DD4799011EAF256A005DE266 /* AppDelegate.m */,
				DD4799031EAF256A005DE266 /* ViewController.h */,
				DD4799041EAF256A005DE266 /* ViewController.m */,
				DD4799061EAF256A005DE266 /* Main.storyboard */,
				DD4799091EAF256B005DE266 /* Assets.xcassets */,
				DD47990B1EAF256B005DE266 /* LaunchScreen.storyboard */,
				DD47990E1EAF256B005DE266 /* Info.plist */,
				DD4798FD1EAF256A005DE266 /* Supporting Files */,
				DD26E32B1ED0704900428426 /* UDPSendTest.h */,
				DD26E32C1ED0706200428426 /* UDPSendTest.m */,
			);
			path = PacketProcessing;
			sourceTree = "<group>";
		};
		DD4798FD1EAF256A005DE266 /* Supporting Files */ = {
			isa = PBXGroup;
			children = (
				DD4798FE1EAF256A005DE266 /* main.m */,
			);
			name = "Supporting Files";
			sourceTree = "<group>";
		};
		DD4799161EAF256B005DE266 /* PacketProcessingTests */ = {
			isa = PBXGroup;
			children = (
				DD4799171EAF256B005DE266 /* PacketProcessingTests.m */,
				DD4799191EAF256B005DE266 /* Info.plist */,
			);
			path = PacketProcessingTests;
			sourceTree = "<group>";
		};
		DD4799211EAF256B005DE266 /* PacketProcessingUITests */ = {
			isa = PBXGroup;
			children = (
				DD4799221EAF256B005DE266 /* PacketProcessingUITests.m */,
				DD4799241EAF256B005DE266 /* Info.plist */,
			);
			path = PacketProcessingUITests;
			sourceTree = "<group>";
		};
		DD4799381EAF34E3005DE266 /* PacketTunnel */ = {
			isa = PBXGroup;
			children = (
				DD47993B1EAF34E3005DE266 /* PacketTunnelProvider.h */,
				DD47993C1EAF34E3005DE266 /* PacketTunnelProvider.m */,
				DD47993E1EAF34E3005DE266 /* Info.plist */,
				DD7C707C1EAF3925009AC7B1 /* TunnelInterface.h */,
				DD7C707A1EAF38F9009AC7B1 /* TunnelInterface.m */,
				DD4799391EAF34E3005DE266 /* Supporting Files */,
			);
			path = PacketTunnel;
			sourceTree = "<group>";
		};
		DD4799391EAF34E3005DE266 /* Supporting Files */ = {
			isa = PBXGroup;
			children = (
				DD47993A1EAF34E3005DE266 /* PacketTunnel.entitlements */,
			);
			name = "Supporting Files";
			sourceTree = "<group>";
		};
		DDDF60391EF22380001E15A0 /* Util */ = {
			isa = PBXGroup;
			children = (
				DD35AC371EB064990078FCEF /* IPv4Header.h */,
				DD35AE2B1EB0739F0078FCEF /* IPv4Header.m */,
				DD35AE2D1EB09C5A0078FCEF /* UDPHeader.h */,
				DD35AE2E1EB09F740078FCEF /* UDPHeader.m */,
				DD52899D1EC2B2D30073A176 /* TCPHeader.h */,
				DD52899E1EC2B57C0073A176 /* TCPHeader.m */,
				DD26E2CD1EC7DBAC00428426 /* TCPPacketFactory.h */,
				DD26E2CB1EC7DB9D00428426 /* TCPPacketFactory.m */,
				DD26E2CE1EC8782E00428426 /* IPPacketFactory.h */,
				DD26E2CF1EC8784000428426 /* IPPacketFactory.m */,
				DD26E3191ECCAB8600428426 /* UDPPacketFactory.h */,
				DD26E31A1ECCABB700428426 /* UDPPacketFactory.m */,
				DD26E2D11ECA07D300428426 /* PacketUtil.h */,
				DD26E2D21ECA07F700428426 /* PacketUtil.m */,
				DD26E2D41ECBF41300428426 /* Packet.h */,
				DD26E2D51ECBF5FD00428426 /* Packet.m */,
				DD26E31C1ECDEA5E00428426 /* Session.h */,
				DD5289A01EC30C7C0073A176 /* Session.m */,
				DD26E31D1ECE7E7A00428426 /* UDPSession.h */,
				DD26E31E1ECE7E8A00428426 /* UDPSession.m */,
				DD26E3231ECFFEF100428426 /* TCPSession.h */,
				DD26E3241ECFFF0000428426 /* TCPSession.m */,
				DD26E3201ECE819900428426 /* SessionManager.h */,
				DD26E3211ECE81A300428426 /* SessionManager.m */,
				DD89C4281EFD11130003D555 /* GSKeyChainManager.h */,
				DD89C4291EFD13D70003D555 /* GSKeyChainManager.m */,
				DD89C42B1EFD28F30003D555 /* GSKeyChain.h */,
				DD89C42C1EFD29450003D555 /* GSKeyChain.m */,
				DD13A4061F0103150095C976 /* Message.h */,
				DD13A4071F01034E0095C976 /* Message.m */,
			);
			name = Util;
			sourceTree = "<group>";
		};
/* End PBXGroup section */

/* Begin PBXNativeTarget section */
		DD4798F91EAF256A005DE266 /* PacketProcessing */ = {
			isa = PBXNativeTarget;
			buildConfigurationList = DD4799271EAF256B005DE266 /* Build configuration list for PBXNativeTarget "PacketProcessing" */;
			buildPhases = (
				C40E689E237CD56B55870E7A /* [CP] Check Pods Manifest.lock */,
				DD4798F61EAF256A005DE266 /* Sources */,
				DD4798F71EAF256A005DE266 /* Frameworks */,
				DD4798F81EAF256A005DE266 /* Resources */,
				DD4799451EAF34E3005DE266 /* Embed App Extensions */,
				563C74B22AECB69AA5100CF6 /* [CP] Embed Pods Frameworks */,
				ED7098BC8EA93C34CA148734 /* [CP] Copy Pods Resources */,
			);
			buildRules = (
			);
			dependencies = (
				DD4799401EAF34E3005DE266 /* PBXTargetDependency */,
			);
			name = PacketProcessing;
			productName = PacketProcessing;
			productReference = DD4798FA1EAF256A005DE266 /* PacketProcessing.app */;
			productType = "com.apple.product-type.application";
		};
		DD4799121EAF256B005DE266 /* PacketProcessingTests */ = {
			isa = PBXNativeTarget;
			buildConfigurationList = DD47992A1EAF256B005DE266 /* Build configuration list for PBXNativeTarget "PacketProcessingTests" */;
			buildPhases = (
				DD47990F1EAF256B005DE266 /* Sources */,
				DD4799101EAF256B005DE266 /* Frameworks */,
				DD4799111EAF256B005DE266 /* Resources */,
			);
			buildRules = (
			);
			dependencies = (
				DD4799151EAF256B005DE266 /* PBXTargetDependency */,
			);
			name = PacketProcessingTests;
			productName = PacketProcessingTests;
			productReference = DD4799131EAF256B005DE266 /* PacketProcessingTests.xctest */;
			productType = "com.apple.product-type.bundle.unit-test";
		};
		DD47991D1EAF256B005DE266 /* PacketProcessingUITests */ = {
			isa = PBXNativeTarget;
			buildConfigurationList = DD47992D1EAF256B005DE266 /* Build configuration list for PBXNativeTarget "PacketProcessingUITests" */;
			buildPhases = (
				DD47991A1EAF256B005DE266 /* Sources */,
				DD47991B1EAF256B005DE266 /* Frameworks */,
				DD47991C1EAF256B005DE266 /* Resources */,
			);
			buildRules = (
			);
			dependencies = (
				DD4799201EAF256B005DE266 /* PBXTargetDependency */,
			);
			name = PacketProcessingUITests;
			productName = PacketProcessingUITests;
			productReference = DD47991E1EAF256B005DE266 /* PacketProcessingUITests.xctest */;
			productType = "com.apple.product-type.bundle.ui-testing";
		};
		DD4799361EAF34E3005DE266 /* PacketTunnel */ = {
			isa = PBXNativeTarget;
			buildConfigurationList = DD4799421EAF34E3005DE266 /* Build configuration list for PBXNativeTarget "PacketTunnel" */;
			buildPhases = (
				DD4799331EAF34E3005DE266 /* Sources */,
				DD4799341EAF34E3005DE266 /* Frameworks */,
				DD4799351EAF34E3005DE266 /* Resources */,
			);
			buildRules = (
			);
			dependencies = (
			);
			name = PacketTunnel;
			productName = PacketTunnel;
			productReference = DD4799371EAF34E3005DE266 /* PacketTunnel.appex */;
			productType = "com.apple.product-type.app-extension";
		};
/* End PBXNativeTarget section */

/* Begin PBXProject section */
		DD4798F21EAF256A005DE266 /* Project object */ = {
			isa = PBXProject;
			attributes = {
				LastUpgradeCheck = 0830;
				ORGANIZATIONNAME = HWG;
				TargetAttributes = {
					DD4798F91EAF256A005DE266 = {
						CreatedOnToolsVersion = 8.3.2;
						DevelopmentTeam = XLJ5QU99P4;
						ProvisioningStyle = Manual;
						SystemCapabilities = {
							com.apple.ApplicationGroups.iOS = {
								enabled = 1;
							};
							com.apple.BackgroundModes = {
								enabled = 0;
							};
							com.apple.NetworkExtensions = {
								enabled = 1;
							};
							com.apple.VPNLite = {
								enabled = 1;
							};
						};
					};
					DD4799121EAF256B005DE266 = {
						CreatedOnToolsVersion = 8.3.2;
						DevelopmentTeam = XLJ5QU99P4;
						ProvisioningStyle = Automatic;
						TestTargetID = DD4798F91EAF256A005DE266;
					};
					DD47991D1EAF256B005DE266 = {
						CreatedOnToolsVersion = 8.3.2;
						DevelopmentTeam = XLJ5QU99P4;
						ProvisioningStyle = Automatic;
						TestTargetID = DD4798F91EAF256A005DE266;
					};
					DD4799361EAF34E3005DE266 = {
						CreatedOnToolsVersion = 8.3.2;
						DevelopmentTeam = XLJ5QU99P4;
						ProvisioningStyle = Automatic;
						SystemCapabilities = {
							com.apple.NetworkExtensions = {
								enabled = 1;
							};
							com.apple.VPNLite = {
								enabled = 1;
							};
						};
					};
				};
			};
			buildConfigurationList = DD4798F51EAF256A005DE266 /* Build configuration list for PBXProject "PacketProcessing" */;
			compatibilityVersion = "Xcode 3.2";
			developmentRegion = English;
			hasScannedForEncodings = 0;
			knownRegions = (
				en,
				Base,
			);
			mainGroup = DD4798F11EAF256A005DE266;
			productRefGroup = DD4798FB1EAF256A005DE266 /* Products */;
			projectDirPath = "";
			projectRoot = "";
			targets = (
				DD4798F91EAF256A005DE266 /* PacketProcessing */,
				DD4799121EAF256B005DE266 /* PacketProcessingTests */,
				DD47991D1EAF256B005DE266 /* PacketProcessingUITests */,
				DD4799361EAF34E3005DE266 /* PacketTunnel */,
			);
		};
/* End PBXProject section */

/* Begin PBXResourcesBuildPhase section */
		DD4798F81EAF256A005DE266 /* Resources */ = {
			isa = PBXResourcesBuildPhase;
			buildActionMask = 2147483647;
			files = (
				DD47990D1EAF256B005DE266 /* LaunchScreen.storyboard in Resources */,
				DD47990A1EAF256B005DE266 /* Assets.xcassets in Resources */,
				DD4799081EAF256A005DE266 /* Main.storyboard in Resources */,
			);
			runOnlyForDeploymentPostprocessing = 0;
		};
		DD4799111EAF256B005DE266 /* Resources */ = {
			isa = PBXResourcesBuildPhase;
			buildActionMask = 2147483647;
			files = (
			);
			runOnlyForDeploymentPostprocessing = 0;
		};
		DD47991C1EAF256B005DE266 /* Resources */ = {
			isa = PBXResourcesBuildPhase;
			buildActionMask = 2147483647;
			files = (
			);
			runOnlyForDeploymentPostprocessing = 0;
		};
		DD4799351EAF34E3005DE266 /* Resources */ = {
			isa = PBXResourcesBuildPhase;
			buildActionMask = 2147483647;
			files = (
			);
			runOnlyForDeploymentPostprocessing = 0;
		};
/* End PBXResourcesBuildPhase section */

/* Begin PBXShellScriptBuildPhase section */
		563C74B22AECB69AA5100CF6 /* [CP] Embed Pods Frameworks */ = {
			isa = PBXShellScriptBuildPhase;
			buildActionMask = 2147483647;
			files = (
			);
			inputPaths = (
			);
			name = "[CP] Embed Pods Frameworks";
			outputPaths = (
			);
			runOnlyForDeploymentPostprocessing = 0;
			shellPath = /bin/sh;
			shellScript = "\"${SRCROOT}/Pods/Target Support Files/Pods-PacketProcessing/Pods-PacketProcessing-frameworks.sh\"\n";
			showEnvVarsInLog = 0;
		};
		C40E689E237CD56B55870E7A /* [CP] Check Pods Manifest.lock */ = {
			isa = PBXShellScriptBuildPhase;
			buildActionMask = 2147483647;
			files = (
			);
			inputPaths = (
			);
			name = "[CP] Check Pods Manifest.lock";
			outputPaths = (
			);
			runOnlyForDeploymentPostprocessing = 0;
			shellPath = /bin/sh;
			shellScript = "diff \"${PODS_PODFILE_DIR_PATH}/Podfile.lock\" \"${PODS_ROOT}/Manifest.lock\" > /dev/null\nif [ $? != 0 ] ; then\n    # print error to STDERR\n    echo \"error: The sandbox is not in sync with the Podfile.lock. Run 'pod install' or update your CocoaPods installation.\" >&2\n    exit 1\nfi\n";
			showEnvVarsInLog = 0;
		};
		ED7098BC8EA93C34CA148734 /* [CP] Copy Pods Resources */ = {
			isa = PBXShellScriptBuildPhase;
			buildActionMask = 2147483647;
			files = (
			);
			inputPaths = (
			);
			name = "[CP] Copy Pods Resources";
			outputPaths = (
			);
			runOnlyForDeploymentPostprocessing = 0;
			shellPath = /bin/sh;
			shellScript = "\"${SRCROOT}/Pods/Target Support Files/Pods-PacketProcessing/Pods-PacketProcessing-resources.sh\"\n";
			showEnvVarsInLog = 0;
		};
/* End PBXShellScriptBuildPhase section */

/* Begin PBXSourcesBuildPhase section */
		DD4798F61EAF256A005DE266 /* Sources */ = {
			isa = PBXSourcesBuildPhase;
			buildActionMask = 2147483647;
			files = (
				DD4799051EAF256A005DE266 /* ViewController.m in Sources */,
				DD4799021EAF256A005DE266 /* AppDelegate.m in Sources */,
				DD26E32D1ED0706200428426 /* UDPSendTest.m in Sources */,
				DD89C42A1EFD13D70003D555 /* GSKeyChainManager.m in Sources */,
				DD89C4271EFCF4C30003D555 /* InitialViewController.m in Sources */,
				DD89C42D1EFD29460003D555 /* GSKeyChain.m in Sources */,
				DD4799311EAF2AD6005DE266 /* AddViewController.m in Sources */,
				DD13A4081F01034E0095C976 /* Message.m in Sources */,
				DD4798FF1EAF256A005DE266 /* main.m in Sources */,
			);
			runOnlyForDeploymentPostprocessing = 0;
		};
		DD47990F1EAF256B005DE266 /* Sources */ = {
			isa = PBXSourcesBuildPhase;
			buildActionMask = 2147483647;
			files = (
				DD4799181EAF256B005DE266 /* PacketProcessingTests.m in Sources */,
			);
			runOnlyForDeploymentPostprocessing = 0;
		};
		DD47991A1EAF256B005DE266 /* Sources */ = {
			isa = PBXSourcesBuildPhase;
			buildActionMask = 2147483647;
			files = (
				DD4799231EAF256B005DE266 /* PacketProcessingUITests.m in Sources */,
			);
			runOnlyForDeploymentPostprocessing = 0;
		};
		DD4799331EAF34E3005DE266 /* Sources */ = {
			isa = PBXSourcesBuildPhase;
			buildActionMask = 2147483647;
			files = (
				DDAAB43F1F08BB90006FDD22 /* Message.m in Sources */,
				DD35AE2F1EB09F740078FCEF /* UDPHeader.m in Sources */,
				DD47993D1EAF34E3005DE266 /* PacketTunnelProvider.m in Sources */,
				DD5289A11EC30C7C0073A176 /* Session.m in Sources */,
				DD52899F1EC2B57C0073A176 /* TCPHeader.m in Sources */,
				DD26E3251ECFFF0000428426 /* TCPSession.m in Sources */,
				DD26E31F1ECE7E8A00428426 /* UDPSession.m in Sources */,
				DD35AE2C1EB0739F0078FCEF /* IPv4Header.m in Sources */,
				DD26E31B1ECCABB700428426 /* UDPPacketFactory.m in Sources */,
				DD26E2D61ECBF5FD00428426 /* Packet.m in Sources */,
				DD26E2D01EC8784000428426 /* IPPacketFactory.m in Sources */,
				DD26E2D31ECA07F700428426 /* PacketUtil.m in Sources */,
				DD26E3221ECE81A300428426 /* SessionManager.m in Sources */,
				DD26E2CC1EC7DB9D00428426 /* TCPPacketFactory.m in Sources */,
				DD7C707B1EAF38F9009AC7B1 /* TunnelInterface.m in Sources */,
			);
			runOnlyForDeploymentPostprocessing = 0;
		};
/* End PBXSourcesBuildPhase section */

/* Begin PBXTargetDependency section */
		DD4799151EAF256B005DE266 /* PBXTargetDependency */ = {
			isa = PBXTargetDependency;
			target = DD4798F91EAF256A005DE266 /* PacketProcessing */;
			targetProxy = DD4799141EAF256B005DE266 /* PBXContainerItemProxy */;
		};
		DD4799201EAF256B005DE266 /* PBXTargetDependency */ = {
			isa = PBXTargetDependency;
			target = DD4798F91EAF256A005DE266 /* PacketProcessing */;
			targetProxy = DD47991F1EAF256B005DE266 /* PBXContainerItemProxy */;
		};
		DD4799401EAF34E3005DE266 /* PBXTargetDependency */ = {
			isa = PBXTargetDependency;
			target = DD4799361EAF34E3005DE266 /* PacketTunnel */;
			targetProxy = DD47993F1EAF34E3005DE266 /* PBXContainerItemProxy */;
		};
/* End PBXTargetDependency section */

/* Begin PBXVariantGroup section */
		DD4799061EAF256A005DE266 /* Main.storyboard */ = {
			isa = PBXVariantGroup;
			children = (
				DD4799071EAF256A005DE266 /* Base */,
			);
			name = Main.storyboard;
			sourceTree = "<group>";
		};
		DD47990B1EAF256B005DE266 /* LaunchScreen.storyboard */ = {
			isa = PBXVariantGroup;
			children = (
				DD47990C1EAF256B005DE266 /* Base */,
			);
			name = LaunchScreen.storyboard;
			sourceTree = "<group>";
		};
/* End PBXVariantGroup section */

/* Begin XCBuildConfiguration section */
		DD4799251EAF256B005DE266 /* Debug */ = {
			isa = XCBuildConfiguration;
			buildSettings = {
				ALWAYS_SEARCH_USER_PATHS = NO;
				CLANG_ANALYZER_NONNULL = YES;
				CLANG_ANALYZER_NUMBER_OBJECT_CONVERSION = YES_AGGRESSIVE;
				CLANG_CXX_LANGUAGE_STANDARD = "gnu++0x";
				CLANG_CXX_LIBRARY = "libc++";
				CLANG_ENABLE_MODULES = YES;
				CLANG_ENABLE_OBJC_ARC = YES;
				CLANG_WARN_BOOL_CONVERSION = YES;
				CLANG_WARN_CONSTANT_CONVERSION = YES;
				CLANG_WARN_DIRECT_OBJC_ISA_USAGE = YES_ERROR;
				CLANG_WARN_DOCUMENTATION_COMMENTS = YES;
				CLANG_WARN_EMPTY_BODY = YES;
				CLANG_WARN_ENUM_CONVERSION = YES;
				CLANG_WARN_INFINITE_RECURSION = YES;
				CLANG_WARN_INT_CONVERSION = YES;
				CLANG_WARN_OBJC_ROOT_CLASS = YES_ERROR;
				CLANG_WARN_SUSPICIOUS_MOVE = YES;
				CLANG_WARN_UNREACHABLE_CODE = YES;
				CLANG_WARN__DUPLICATE_METHOD_MATCH = YES;
				CODE_SIGN_IDENTITY = "iPhone Developer: Weiguang Hou (PVKPSEN75D)";
				"CODE_SIGN_IDENTITY[sdk=iphoneos*]" = "iPhone Developer";
				COPY_PHASE_STRIP = NO;
				DEBUG_INFORMATION_FORMAT = dwarf;
				DEVELOPMENT_TEAM = XLJ5QU99P4;
				ENABLE_STRICT_OBJC_MSGSEND = YES;
				ENABLE_TESTABILITY = YES;
				GCC_C_LANGUAGE_STANDARD = gnu99;
				GCC_DYNAMIC_NO_PIC = NO;
				GCC_NO_COMMON_BLOCKS = YES;
				GCC_OPTIMIZATION_LEVEL = 0;
				GCC_PREPROCESSOR_DEFINITIONS = (
					"DEBUG=1",
					"$(inherited)",
				);
				GCC_WARN_64_TO_32_BIT_CONVERSION = YES;
				GCC_WARN_ABOUT_RETURN_TYPE = YES_ERROR;
				GCC_WARN_UNDECLARED_SELECTOR = YES;
				GCC_WARN_UNINITIALIZED_AUTOS = YES_AGGRESSIVE;
				GCC_WARN_UNUSED_FUNCTION = YES;
				GCC_WARN_UNUSED_VARIABLE = YES;
				IPHONEOS_DEPLOYMENT_TARGET = 10.3;
				MTL_ENABLE_DEBUG_INFO = YES;
				ONLY_ACTIVE_ARCH = YES;
				PROVISIONING_PROFILE = "88bbbdb1-6b49-4cb9-8a67-caf54930d074";
				SDKROOT = iphoneos;
				TARGETED_DEVICE_FAMILY = "1,2";
			};
			name = Debug;
		};
		DD4799261EAF256B005DE266 /* Release */ = {
			isa = XCBuildConfiguration;
			buildSettings = {
				ALWAYS_SEARCH_USER_PATHS = NO;
				CLANG_ANALYZER_NONNULL = YES;
				CLANG_ANALYZER_NUMBER_OBJECT_CONVERSION = YES_AGGRESSIVE;
				CLANG_CXX_LANGUAGE_STANDARD = "gnu++0x";
				CLANG_CXX_LIBRARY = "libc++";
				CLANG_ENABLE_MODULES = YES;
				CLANG_ENABLE_OBJC_ARC = YES;
				CLANG_WARN_BOOL_CONVERSION = YES;
				CLANG_WARN_CONSTANT_CONVERSION = YES;
				CLANG_WARN_DIRECT_OBJC_ISA_USAGE = YES_ERROR;
				CLANG_WARN_DOCUMENTATION_COMMENTS = YES;
				CLANG_WARN_EMPTY_BODY = YES;
				CLANG_WARN_ENUM_CONVERSION = YES;
				CLANG_WARN_INFINITE_RECURSION = YES;
				CLANG_WARN_INT_CONVERSION = YES;
				CLANG_WARN_OBJC_ROOT_CLASS = YES_ERROR;
				CLANG_WARN_SUSPICIOUS_MOVE = YES;
				CLANG_WARN_UNREACHABLE_CODE = YES;
				CLANG_WARN__DUPLICATE_METHOD_MATCH = YES;
				CODE_SIGN_IDENTITY = "iPhone Developer: Weiguang Hou (PVKPSEN75D)";
				"CODE_SIGN_IDENTITY[sdk=iphoneos*]" = "iPhone Developer";
				COPY_PHASE_STRIP = NO;
				DEBUG_INFORMATION_FORMAT = "dwarf-with-dsym";
				DEVELOPMENT_TEAM = XLJ5QU99P4;
				ENABLE_NS_ASSERTIONS = NO;
				ENABLE_STRICT_OBJC_MSGSEND = YES;
				GCC_C_LANGUAGE_STANDARD = gnu99;
				GCC_NO_COMMON_BLOCKS = YES;
				GCC_WARN_64_TO_32_BIT_CONVERSION = YES;
				GCC_WARN_ABOUT_RETURN_TYPE = YES_ERROR;
				GCC_WARN_UNDECLARED_SELECTOR = YES;
				GCC_WARN_UNINITIALIZED_AUTOS = YES_AGGRESSIVE;
				GCC_WARN_UNUSED_FUNCTION = YES;
				GCC_WARN_UNUSED_VARIABLE = YES;
				IPHONEOS_DEPLOYMENT_TARGET = 10.3;
				MTL_ENABLE_DEBUG_INFO = NO;
				ONLY_ACTIVE_ARCH = YES;
				PROVISIONING_PROFILE = "88bbbdb1-6b49-4cb9-8a67-caf54930d074";
				SDKROOT = iphoneos;
				TARGETED_DEVICE_FAMILY = "1,2";
				VALIDATE_PRODUCT = YES;
			};
			name = Release;
		};
		DD4799281EAF256B005DE266 /* Debug */ = {
			isa = XCBuildConfiguration;
			baseConfigurationReference = C542512B3F5ECA236AC34F11 /* Pods-PacketProcessing.debug.xcconfig */;
			buildSettings = {
				ASSETCATALOG_COMPILER_APPICON_NAME = AppIcon;
				CODE_SIGN_ENTITLEMENTS = PacketProcessing/PacketProcessing.entitlements;
				DEVELOPMENT_TEAM = XLJ5QU99P4;
				HEADER_SEARCH_PATHS = (
					"$(inherited)",
					"\"${PODS_ROOT}/Headers/Public\"",
					"\"${PODS_ROOT}/Headers/Public/MMWormhole\"",
					/Users/hwg/Desktop/PacketProcessing/Pods/Headers/Public/CocoaAsyncSocket,
				);
				INFOPLIST_FILE = PacketProcessing/Info.plist;
				LD_RUNPATH_SEARCH_PATHS = "$(inherited) @executable_path/Frameworks";
				LIBRARY_SEARCH_PATHS = "$(PROJECT_DIR)/**";
				ONLY_ACTIVE_ARCH = YES;
				PRODUCT_BUNDLE_IDENTIFIER = com.hwg.PacketProcessing;
				PRODUCT_NAME = "$(TARGET_NAME)";
				PROVISIONING_PROFILE = "5c17cce8-5424-477e-8378-989cd3e42865";
				PROVISIONING_PROFILE_SPECIFIER = PacketProcessing;
				USER_HEADER_SEARCH_PATHS = "$(inherited) \"${PODS_ROOT}/Headers/Public\" \"${PODS_ROOT}/Headers/Public/MMWormhole\" /Users/hwg/Desktop/PacketProcessing/Pods/Headers/Public/CocoaAsyncSocket";
			};
			name = Debug;
		};
		DD4799291EAF256B005DE266 /* Release */ = {
			isa = XCBuildConfiguration;
			baseConfigurationReference = 0F5BD7753983FB9FE67C2669 /* Pods-PacketProcessing.release.xcconfig */;
			buildSettings = {
				ASSETCATALOG_COMPILER_APPICON_NAME = AppIcon;
				CODE_SIGN_ENTITLEMENTS = PacketProcessing/PacketProcessing.entitlements;
				DEVELOPMENT_TEAM = XLJ5QU99P4;
				HEADER_SEARCH_PATHS = (
					"$(inherited)",
					"\"${PODS_ROOT}/Headers/Public\"",
					"\"${PODS_ROOT}/Headers/Public/MMWormhole\"",
					/Users/hwg/Desktop/PacketProcessing/Pods/Headers/Public/CocoaAsyncSocket,
				);
				INFOPLIST_FILE = PacketProcessing/Info.plist;
				LD_RUNPATH_SEARCH_PATHS = "$(inherited) @executable_path/Frameworks";
				LIBRARY_SEARCH_PATHS = "$(PROJECT_DIR)/**";
				ONLY_ACTIVE_ARCH = YES;
				PRODUCT_BUNDLE_IDENTIFIER = com.hwg.PacketProcessing;
				PRODUCT_NAME = "$(TARGET_NAME)";
				PROVISIONING_PROFILE = "5c17cce8-5424-477e-8378-989cd3e42865";
				PROVISIONING_PROFILE_SPECIFIER = PacketProcessing;
				USER_HEADER_SEARCH_PATHS = "$(inherited) \"${PODS_ROOT}/Headers/Public\" \"${PODS_ROOT}/Headers/Public/MMWormhole\" /Users/hwg/Desktop/PacketProcessing/Pods/Headers/Public/CocoaAsyncSocket";
			};
			name = Release;
		};
		DD47992B1EAF256B005DE266 /* Debug */ = {
			isa = XCBuildConfiguration;
			buildSettings = {
				BUNDLE_LOADER = "$(TEST_HOST)";
				DEVELOPMENT_TEAM = XLJ5QU99P4;
				INFOPLIST_FILE = PacketProcessingTests/Info.plist;
				LD_RUNPATH_SEARCH_PATHS = "$(inherited) @executable_path/Frameworks @loader_path/Frameworks";
				ONLY_ACTIVE_ARCH = YES;
				PRODUCT_BUNDLE_IDENTIFIER = com.hwg.PacketProcessingTests;
				PRODUCT_NAME = "$(TARGET_NAME)";
				PROVISIONING_PROFILE = "";
				TEST_HOST = "$(BUILT_PRODUCTS_DIR)/PacketProcessing.app/PacketProcessing";
			};
			name = Debug;
		};
		DD47992C1EAF256B005DE266 /* Release */ = {
			isa = XCBuildConfiguration;
			buildSettings = {
				BUNDLE_LOADER = "$(TEST_HOST)";
				DEVELOPMENT_TEAM = XLJ5QU99P4;
				INFOPLIST_FILE = PacketProcessingTests/Info.plist;
				LD_RUNPATH_SEARCH_PATHS = "$(inherited) @executable_path/Frameworks @loader_path/Frameworks";
				ONLY_ACTIVE_ARCH = YES;
				PRODUCT_BUNDLE_IDENTIFIER = com.hwg.PacketProcessingTests;
				PRODUCT_NAME = "$(TARGET_NAME)";
				PROVISIONING_PROFILE = "";
				TEST_HOST = "$(BUILT_PRODUCTS_DIR)/PacketProcessing.app/PacketProcessing";
			};
			name = Release;
		};
		DD47992E1EAF256B005DE266 /* Debug */ = {
			isa = XCBuildConfiguration;
			buildSettings = {
				DEVELOPMENT_TEAM = XLJ5QU99P4;
				INFOPLIST_FILE = PacketProcessingUITests/Info.plist;
				LD_RUNPATH_SEARCH_PATHS = "$(inherited) @executable_path/Frameworks @loader_path/Frameworks";
				ONLY_ACTIVE_ARCH = YES;
				PRODUCT_BUNDLE_IDENTIFIER = com.hwg.PacketProcessingUITests;
				PRODUCT_NAME = "$(TARGET_NAME)";
				PROVISIONING_PROFILE = "";
				TEST_TARGET_NAME = PacketProcessing;
			};
			name = Debug;
		};
		DD47992F1EAF256B005DE266 /* Release */ = {
			isa = XCBuildConfiguration;
			buildSettings = {
				DEVELOPMENT_TEAM = XLJ5QU99P4;
				INFOPLIST_FILE = PacketProcessingUITests/Info.plist;
				LD_RUNPATH_SEARCH_PATHS = "$(inherited) @executable_path/Frameworks @loader_path/Frameworks";
				ONLY_ACTIVE_ARCH = YES;
				PRODUCT_BUNDLE_IDENTIFIER = com.hwg.PacketProcessingUITests;
				PRODUCT_NAME = "$(TARGET_NAME)";
				PROVISIONING_PROFILE = "";
				TEST_TARGET_NAME = PacketProcessing;
			};
			name = Release;
		};
		DD4799431EAF34E3005DE266 /* Debug */ = {
			isa = XCBuildConfiguration;
			buildSettings = {
				CLANG_ENABLE_MODULES = YES;
				CLANG_ENABLE_OBJC_WEAK = NO;
				CODE_SIGN_ENTITLEMENTS = PacketTunnel/PacketTunnel.entitlements;
				"CODE_SIGN_IDENTITY[sdk=iphoneos*]" = "iPhone Developer";
				DEVELOPMENT_TEAM = XLJ5QU99P4;
				GCC_PREPROCESSOR_DEFINITIONS = (
					"$(inherited)",
					"DEBUG=1",
					BADVPN_FREEBSD,
					BADVPN_BREACTOR_BADVPN,
					"BADVPN_THREAD_SAFE=1",
					BADVPN_THREADWORK_USE_PTHREAD,
					BADVPN_USE_KEVENT,
					BADVPN_USE_SYSLOG,
					BADVPN_LITTLE_ENDIAN,
					BADVPN_LIBTSOCKS,
				);
				HEADER_SEARCH_PATHS = (
					/Users/hwg/Desktop/PacketProcessing/Pods/Headers/Public,
					/Users/hwg/Desktop/PacketProcessing/Pods/Headers/Public/MMWormhole,
					/Users/hwg/Desktop/PacketProcessing/Pods/Headers/Public/CocoaAsyncSocket,
					"/Users/hwg/Desktop/PacketProcessing/PacketTunnel/lwip/**",
					"/Users/hwg/Desktop/PacketProcessing/PacketTunnel/misc/**",
					"/Users/hwg/Desktop/PacketProcessing/PacketTunnel/**",
					"$(inherited)",
				);
				INFOPLIST_FILE = PacketTunnel/Info.plist;
				LD_RUNPATH_SEARCH_PATHS = "$(inherited) @executable_path/Frameworks @executable_path/../../Frameworks";
				LIBRARY_SEARCH_PATHS = "$(PROJECT_DIR)/**";
				"LIBRARY_SEARCH_PATHS[arch=*]" = "$(PROJECT_DIR)";
				ONLY_ACTIVE_ARCH = YES;
				OTHER_CFLAGS = "-l";
				PRODUCT_BUNDLE_IDENTIFIER = com.hwg.PacketProcessing.PacketTunnel;
				PRODUCT_NAME = "$(TARGET_NAME)";
				PROVISIONING_PROFILE = "";
				PROVISIONING_PROFILE_SPECIFIER = "";
				SKIP_INSTALL = YES;
				USER_HEADER_SEARCH_PATHS = "$(inherited) /Users/hwg/Desktop/PacketProcessing/Pods/Headers/Public /Users/hwg/Desktop/PacketProcessing/Pods/Headers/Public/MMWormhole /Users/hwg/Desktop/PacketProcessing/Pods/Headers/Public/CocoaAsyncSocket";
				VALID_ARCHS = "armv7 armv7s arm64";
			};
			name = Debug;
		};
		DD4799441EAF34E3005DE266 /* Release */ = {
			isa = XCBuildConfiguration;
			buildSettings = {
				CLANG_ENABLE_MODULES = YES;
				CLANG_ENABLE_OBJC_WEAK = NO;
				CODE_SIGN_ENTITLEMENTS = PacketTunnel/PacketTunnel.entitlements;
				"CODE_SIGN_IDENTITY[sdk=iphoneos*]" = "iPhone Developer";
				DEVELOPMENT_TEAM = XLJ5QU99P4;
				GCC_PREPROCESSOR_DEFINITIONS = (
					"$(inherited)",
					BADVPN_BREACTOR_BADVPN,
					BADVPN_THREADWORK_USE_PTHREAD,
					BADVPN_FREEBSD,
					"BADVPN_THREAD_SAFE=1",
					BADVPN_USE_KEVENT,
					BADVPN_USE_SYSLOG,
					BADVPN_LITTLE_ENDIAN,
					BADVPN_LIBTSOCKS,
				);
				HEADER_SEARCH_PATHS = (
					/Users/hwg/Desktop/PacketProcessing/Pods/Headers/Public,
					/Users/hwg/Desktop/PacketProcessing/Pods/Headers/Public/MMWormhole,
					/Users/hwg/Desktop/PacketProcessing/Pods/Headers/Public/CocoaAsyncSocket,
					"/Users/hwg/Desktop/PacketProcessing/PacketTunnel/lwip/**",
					"/Users/hwg/Desktop/PacketProcessing/PacketTunnel/misc/**",
					"/Users/hwg/Desktop/PacketProcessing/PacketTunnel/**",
					"$(inherited)",
				);
				INFOPLIST_FILE = PacketTunnel/Info.plist;
				LD_RUNPATH_SEARCH_PATHS = "$(inherited) @executable_path/Frameworks @executable_path/../../Frameworks";
				LIBRARY_SEARCH_PATHS = "$(PROJECT_DIR)/**";
				ONLY_ACTIVE_ARCH = YES;
				OTHER_CFLAGS = "-l";
				PRODUCT_BUNDLE_IDENTIFIER = com.hwg.PacketProcessing.PacketTunnel;
				PRODUCT_NAME = "$(TARGET_NAME)";
				PROVISIONING_PROFILE = "";
				PROVISIONING_PROFILE_SPECIFIER = "";
				SKIP_INSTALL = YES;
				USER_HEADER_SEARCH_PATHS = "$(inherited) /Users/hwg/Desktop/PacketProcessing/Pods/Headers/Public /Users/hwg/Desktop/PacketProcessing/Pods/Headers/Public/MMWormhole /Users/hwg/Desktop/PacketProcessing/Pods/Headers/Public/CocoaAsyncSocket";
				VALID_ARCHS = "armv7 armv7s arm64";
			};
			name = Release;
		};
/* End XCBuildConfiguration section */

/* Begin XCConfigurationList section */
		DD4798F51EAF256A005DE266 /* Build configuration list for PBXProject "PacketProcessing" */ = {
			isa = XCConfigurationList;
			buildConfigurations = (
				DD4799251EAF256B005DE266 /* Debug */,
				DD4799261EAF256B005DE266 /* Release */,
			);
			defaultConfigurationIsVisible = 0;
			defaultConfigurationName = Release;
		};
		DD4799271EAF256B005DE266 /* Build configuration list for PBXNativeTarget "PacketProcessing" */ = {
			isa = XCConfigurationList;
			buildConfigurations = (
				DD4799281EAF256B005DE266 /* Debug */,
				DD4799291EAF256B005DE266 /* Release */,
			);
			defaultConfigurationIsVisible = 0;
			defaultConfigurationName = Release;
		};
		DD47992A1EAF256B005DE266 /* Build configuration list for PBXNativeTarget "PacketProcessingTests" */ = {
			isa = XCConfigurationList;
			buildConfigurations = (
				DD47992B1EAF256B005DE266 /* Debug */,
				DD47992C1EAF256B005DE266 /* Release */,
			);
			defaultConfigurationIsVisible = 0;
			defaultConfigurationName = Release;
		};
		DD47992D1EAF256B005DE266 /* Build configuration list for PBXNativeTarget "PacketProcessingUITests" */ = {
			isa = XCConfigurationList;
			buildConfigurations = (
				DD47992E1EAF256B005DE266 /* Debug */,
				DD47992F1EAF256B005DE266 /* Release */,
			);
			defaultConfigurationIsVisible = 0;
			defaultConfigurationName = Release;
		};
		DD4799421EAF34E3005DE266 /* Build configuration list for PBXNativeTarget "PacketTunnel" */ = {
			isa = XCConfigurationList;
			buildConfigurations = (
				DD4799431EAF34E3005DE266 /* Debug */,
				DD4799441EAF34E3005DE266 /* Release */,
			);
			defaultConfigurationIsVisible = 0;
			defaultConfigurationName = Release;
		};
/* End XCConfigurationList section */
	};
	rootObject = DD4798F21EAF256A005DE266 /* Project object */;
}
